Microsoft Visual Studio Solution File, Format Version 12.00
# Visual Studio 15
VisualStudioVersion = 15.0.26124.0
MinimumVisualStudioVersion = 15.0.26124.0
Project("{9A19103F-16F7-4668-BE54-9A1E7A4F7556}") = "Kzari.Finctrl.Domain", "Kzari.FinCtrl.Domain\Kzari.Finctrl.Domain.csproj", "{2B818228-528E-434C-9D62-B12C89602EC6}"
EndProject
Project("{9A19103F-16F7-4668-BE54-9A1E7A4F7556}") = "Kzari.FinCtrl.Shared", "Kzari.FinCtrl.Shared\Kzari.FinCtrl.Shared.csproj", "{A61CD0C9-D236-43A5-8C88-6F216C442EDA}"
EndProject
Project("{9A19103F-16F7-4668-BE54-9A1E7A4F7556}") = "Kzari.FinCtrl.Tests", "Kzari.FinCtrl.Tests\Kzari.FinCtrl.Tests.csproj", "{BBEB6526-E0B6-4EDE-877E-961E3ED90107}"
EndProject
Project("{9A19103F-16F7-4668-BE54-9A1E7A4F7556}") = "Kzari.FinCtrl.Web", "Kzari.FinCtrl.Web\Kzari.FinCtrl.Web.csproj", "{F20B02B9-E8CE-4DF2-99E8-D02D15B8D931}"
EndProject
Project("{9A19103F-16F7-4668-BE54-9A1E7A4F7556}") = "Kzari.FinCtrl.Infra.Data", "Kzari.FinCtrl.Infra.Data\Kzari.FinCtrl.Infra.Data.csproj", "{A3FE8271-1546-4032-8001-6B2D176E30B5}"
EndProject
Project("{9A19103F-16F7-4668-BE54-9A1E7A4F7556}") = "Kzari.FinCtrl.Seeder", "Kzari.FinCtrl.Seeder\Kzari.FinCtrl.Seeder.csproj", "{7AC0F35B-9243-485C-B2FA-254504CFE8D1}"
EndProject
Global
	GlobalSection(SolutionConfigurationPlatforms) = preSolution
		Debug|Any CPU = Debug|Any CPU
		Debug|x64 = Debug|x64
		Debug|x86 = Debug|x86
		Release|Any CPU = Release|Any CPU
		Release|x64 = Release|x64
		Release|x86 = Release|x86
	EndGlobalSection
	GlobalSection(ProjectConfigurationPlatforms) = postSolution
		{2B818228-528E-434C-9D62-B12C89602EC6}.Debug|Any CPU.ActiveCfg = Debug|Any CPU
		{2B818228-528E-434C-9D62-B12C89602EC6}.Debug|Any CPU.Build.0 = Debug|Any CPU
		{2B818228-528E-434C-9D62-B12C89602EC6}.Debug|x64.ActiveCfg = Debug|Any CPU
		{2B818228-528E-434C-9D62-B12C89602EC6}.Debug|x64.Build.0 = Debug|Any CPU
		{2B818228-528E-434C-9D62-B12C89602EC6}.Debug|x86.ActiveCfg = Debug|Any CPU
		{2B818228-528E-434C-9D62-B12C89602EC6}.Debug|x86.Build.0 = Debug|Any CPU
		{2B818228-528E-434C-9D62-B12C89602EC6}.Release|Any CPU.ActiveCfg = Release|Any CPU
		{2B818228-528E-434C-9D62-B12C89602EC6}.Release|Any CPU.Build.0 = Release|Any CPU
		{2B818228-528E-434C-9D62-B12C89602EC6}.Release|x64.ActiveCfg = Release|Any CPU
		{2B818228-528E-434C-9D62-B12C89602EC6}.Release|x64.Build.0 = Release|Any CPU
		{2B818228-528E-434C-9D62-B12C89602EC6}.Release|x86.ActiveCfg = Release|Any CPU
		{2B818228-528E-434C-9D62-B12C89602EC6}.Release|x86.Build.0 = Release|Any CPU
		{A61CD0C9-D236-43A5-8C88-6F216C442EDA}.Debug|Any CPU.ActiveCfg = Debug|Any CPU
		{A61CD0C9-D236-43A5-8C88-6F216C442EDA}.Debug|Any CPU.Build.0 = Debug|Any CPU
		{A61CD0C9-D236-43A5-8C88-6F216C442EDA}.Debug|x64.ActiveCfg = Debug|Any CPU
		{A61CD0C9-D236-43A5-8C88-6F216C442EDA}.Debug|x64.Build.0 = Debug|Any CPU
		{A61CD0C9-D236-43A5-8C88-6F216C442EDA}.Debug|x86.ActiveCfg = Debug|Any CPU
		{A61CD0C9-D236-43A5-8C88-6F216C442EDA}.Debug|x86.Build.0 = Debug|Any CPU
		{A61CD0C9-D236-43A5-8C88-6F216C442EDA}.Release|Any CPU.ActiveCfg = Release|Any CPU
		{A61CD0C9-D236-43A5-8C88-6F216C442EDA}.Release|Any CPU.Build.0 = Release|Any CPU
		{A61CD0C9-D236-43A5-8C88-6F216C442EDA}.Release|x64.ActiveCfg = Release|Any CPU
		{A61CD0C9-D236-43A5-8C88-6F216C442EDA}.Release|x64.Build.0 = Release|Any CPU
		{A61CD0C9-D236-43A5-8C88-6F216C442EDA}.Release|x86.ActiveCfg = Release|Any CPU
		{A61CD0C9-D236-43A5-8C88-6F216C442EDA}.Release|x86.Build.0 = Release|Any CPU
		{BBEB6526-E0B6-4EDE-877E-961E3ED90107}.Debug|Any CPU.ActiveCfg = Debug|Any CPU
		{BBEB6526-E0B6-4EDE-877E-961E3ED90107}.Debug|Any CPU.Build.0 = Debug|Any CPU
		{BBEB6526-E0B6-4EDE-877E-961E3ED90107}.Debug|x64.ActiveCfg = Debug|Any CPU
		{BBEB6526-E0B6-4EDE-877E-961E3ED90107}.Debug|x64.Build.0 = Debug|Any CPU
		{BBEB6526-E0B6-4EDE-877E-961E3ED90107}.Debug|x86.ActiveCfg = Debug|Any CPU
		{BBEB6526-E0B6-4EDE-877E-961E3ED90107}.Debug|x86.Build.0 = Debug|Any CPU
		{BBEB6526-E0B6-4EDE-877E-961E3ED90107}.Release|Any CPU.ActiveCfg = Release|Any CPU
		{BBEB6526-E0B6-4EDE-877E-961E3ED90107}.Release|Any CPU.Build.0 = Release|Any CPU
		{BBEB6526-E0B6-4EDE-877E-961E3ED90107}.Release|x64.ActiveCfg = Release|Any CPU
		{BBEB6526-E0B6-4EDE-877E-961E3ED90107}.Release|x64.Build.0 = Release|Any CPU
		{BBEB6526-E0B6-4EDE-877E-961E3ED90107}.Release|x86.ActiveCfg = Release|Any CPU
		{BBEB6526-E0B6-4EDE-877E-961E3ED90107}.Release|x86.Build.0 = Release|Any CPU
		{F20B02B9-E8CE-4DF2-99E8-D02D15B8D931}.Debug|Any CPU.ActiveCfg = Debug|Any CPU
		{F20B02B9-E8CE-4DF2-99E8-D02D15B8D931}.Debug|Any CPU.Build.0 = Debug|Any CPU
		{F20B02B9-E8CE-4DF2-99E8-D02D15B8D931}.Debug|x64.ActiveCfg = Debug|Any CPU
		{F20B02B9-E8CE-4DF2-99E8-D02D15B8D931}.Debug|x64.Build.0 = Debug|Any CPU
		{F20B02B9-E8CE-4DF2-99E8-D02D15B8D931}.Debug|x86.ActiveCfg = Debug|Any CPU
		{F20B02B9-E8CE-4DF2-99E8-D02D15B8D931}.Debug|x86.Build.0 = Debug|Any CPU
		{F20B02B9-E8CE-4DF2-99E8-D02D15B8D931}.Release|Any CPU.ActiveCfg = Release|Any CPU
		{F20B02B9-E8CE-4DF2-99E8-D02D15B8D931}.Release|Any CPU.Build.0 = Release|Any CPU
		{F20B02B9-E8CE-4DF2-99E8-D02D15B8D931}.Release|x64.ActiveCfg = Release|Any CPU
		{F20B02B9-E8CE-4DF2-99E8-D02D15B8D931}.Release|x64.Build.0 = Release|Any CPU
		{F20B02B9-E8CE-4DF2-99E8-D02D15B8D931}.Release|x86.ActiveCfg = Release|Any CPU
		{F20B02B9-E8CE-4DF2-99E8-D02D15B8D931}.Release|x86.Build.0 = Release|Any CPU
		{A3FE8271-1546-4032-8001-6B2D176E30B5}.Debug|Any CPU.ActiveCfg = Debug|Any CPU
		{A3FE8271-1546-4032-8001-6B2D176E30B5}.Debug|Any CPU.Build.0 = Debug|Any CPU
		{A3FE8271-1546-4032-8001-6B2D176E30B5}.Debug|x64.ActiveCfg = Debug|Any CPU
		{A3FE8271-1546-4032-8001-6B2D176E30B5}.Debug|x64.Build.0 = Debug|Any CPU
		{A3FE8271-1546-4032-8001-6B2D176E30B5}.Debug|x86.ActiveCfg = Debug|Any CPU
		{A3FE8271-1546-4032-8001-6B2D176E30B5}.Debug|x86.Build.0 = Debug|Any CPU
		{A3FE8271-1546-4032-8001-6B2D176E30B5}.Release|Any CPU.ActiveCfg = Release|Any CPU
		{A3FE8271-1546-4032-8001-6B2D176E30B5}.Release|Any CPU.Build.0 = Release|Any CPU
		{A3FE8271-1546-4032-8001-6B2D176E30B5}.Release|x64.ActiveCfg = Release|Any CPU
		{A3FE8271-1546-4032-8001-6B2D176E30B5}.Release|x64.Build.0 = Release|Any CPU
		{A3FE8271-1546-4032-8001-6B2D176E30B5}.Release|x86.ActiveCfg = Release|Any CPU
		{A3FE8271-1546-4032-8001-6B2D176E30B5}.Release|x86.Build.0 = Release|Any CPU
		{7AC0F35B-9243-485C-B2FA-254504CFE8D1}.Debug|Any CPU.ActiveCfg = Debug|Any CPU
		{7AC0F35B-9243-485C-B2FA-254504CFE8D1}.Debug|Any CPU.Build.0 = Debug|Any CPU
		{7AC0F35B-9243-485C-B2FA-254504CFE8D1}.Debug|x64.ActiveCfg = Debug|Any CPU
		{7AC0F35B-9243-485C-B2FA-254504CFE8D1}.Debug|x64.Build.0 = Debug|Any CPU
		{7AC0F35B-9243-485C-B2FA-254504CFE8D1}.Debug|x86.ActiveCfg = Debug|Any CPU
		{7AC0F35B-9243-485C-B2FA-254504CFE8D1}.Debug|x86.Build.0 = Debug|Any CPU
		{7AC0F35B-9243-485C-B2FA-254504CFE8D1}.Release|Any CPU.ActiveCfg = Release|Any CPU
		{7AC0F35B-9243-485C-B2FA-254504CFE8D1}.Release|Any CPU.Build.0 = Release|Any CPU
		{7AC0F35B-9243-485C-B2FA-254504CFE8D1}.Release|x64.ActiveCfg = Release|Any CPU
		{7AC0F35B-9243-485C-B2FA-254504CFE8D1}.Release|x64.Build.0 = Release|Any CPU
		{7AC0F35B-9243-485C-B2FA-254504CFE8D1}.Release|x86.ActiveCfg = Release|Any CPU
		{7AC0F35B-9243-485C-B2FA-254504CFE8D1}.Release|x86.Build.0 = Release|Any CPU
	EndGlobalSection
	GlobalSection(SolutionProperties) = preSolution
		HideSolutionNode = FALSE
	EndGlobalSection
	GlobalSection(ExtensibilityGlobals) = postSolution
		SolutionGuid = {AB5ADABE-0A18-41B2-A9F7-08094282F196}
	EndGlobalSection
EndGlobal
