
Microsoft Visual Studio Solution File, Format Version 12.00
# Visual Studio 15
VisualStudioVersion = 15.0.26124.0
MinimumVisualStudioVersion = 15.0.26124.0
Project("{FAE04EC0-301F-11D3-BF4B-00C04F79EFBC}") = "Kzari.Finctrl.Domain", "Kzari.FinCtrl.Domain\Kzari.Finctrl.Domain.csproj", "{2B818228-528E-434C-9D62-B12C89602EC6}"
EndProject
Project("{FAE04EC0-301F-11D3-BF4B-00C04F79EFBC}") = "Kzari.FinCtrl.Shared", "Kzari.FinCtrl.Shared\Kzari.FinCtrl.Shared.csproj", "{A61CD0C9-D236-43A5-8C88-6F216C442EDA}"
EndProject
Project("{FAE04EC0-301F-11D3-BF4B-00C04F79EFBC}") = "Kzari.FinCtrl.tests", "Kzari.FinCtrl.Tests\Kzari.FinCtrl.tests.csproj", "{BBEB6526-E0B6-4EDE-877E-961E3ED90107}"
EndProject
Project("{FAE04EC0-301F-11D3-BF4B-00C04F79EFBC}") = "Kzari.FinCtrl.Web", "Kzari.FinCtrl.Web\Kzari.FinCtrl.Web.csproj", "{F20B02B9-E8CE-4DF2-99E8-D02D15B8D931}"
EndProject
Global
	GlobalSection(SolutionConfigurationPlatforms) = preSolution
		Debug|Any CPU = Debug|Any CPU
		Debug|x64 = Debug|x64
		Debug|x86 = Debug|x86
		Release|Any CPU = Release|Any CPU
		Release|x64 = Release|x64
		Release|x86 = Release|x86
	EndGlobalSection
	GlobalSection(SolutionProperties) = preSolution
		HideSolutionNode = FALSE
	EndGlobalSection
	GlobalSection(ProjectConfigurationPlatforms) = postSolution
		{73324E3D-326C-47C0-AB6A-E39F17BDD91D}.Debug|Any CPU.ActiveCfg = Debug|Any CPU
		{73324E3D-326C-47C0-AB6A-E39F17BDD91D}.Debug|Any CPU.Build.0 = Debug|Any CPU
		{73324E3D-326C-47C0-AB6A-E39F17BDD91D}.Debug|x64.ActiveCfg = Debug|x64
		{73324E3D-326C-47C0-AB6A-E39F17BDD91D}.Debug|x64.Build.0 = Debug|x64
		{73324E3D-326C-47C0-AB6A-E39F17BDD91D}.Debug|x86.ActiveCfg = Debug|x86
		{73324E3D-326C-47C0-AB6A-E39F17BDD91D}.Debug|x86.Build.0 = Debug|x86
		{73324E3D-326C-47C0-AB6A-E39F17BDD91D}.Release|Any CPU.ActiveCfg = Release|Any CPU
		{73324E3D-326C-47C0-AB6A-E39F17BDD91D}.Release|Any CPU.Build.0 = Release|Any CPU
		{73324E3D-326C-47C0-AB6A-E39F17BDD91D}.Release|x64.ActiveCfg = Release|x64
		{73324E3D-326C-47C0-AB6A-E39F17BDD91D}.Release|x64.Build.0 = Release|x64
		{73324E3D-326C-47C0-AB6A-E39F17BDD91D}.Release|x86.ActiveCfg = Release|x86
		{73324E3D-326C-47C0-AB6A-E39F17BDD91D}.Release|x86.Build.0 = Release|x86
		{2B818228-528E-434C-9D62-B12C89602EC6}.Debug|Any CPU.ActiveCfg = Debug|Any CPU
		{2B818228-528E-434C-9D62-B12C89602EC6}.Debug|Any CPU.Build.0 = Debug|Any CPU
		{2B818228-528E-434C-9D62-B12C89602EC6}.Debug|x64.ActiveCfg = Debug|x64
		{2B818228-528E-434C-9D62-B12C89602EC6}.Debug|x64.Build.0 = Debug|x64
		{2B818228-528E-434C-9D62-B12C89602EC6}.Debug|x86.ActiveCfg = Debug|x86
		{2B818228-528E-434C-9D62-B12C89602EC6}.Debug|x86.Build.0 = Debug|x86
		{2B818228-528E-434C-9D62-B12C89602EC6}.Release|Any CPU.ActiveCfg = Release|Any CPU
		{2B818228-528E-434C-9D62-B12C89602EC6}.Release|Any CPU.Build.0 = Release|Any CPU
		{2B818228-528E-434C-9D62-B12C89602EC6}.Release|x64.ActiveCfg = Release|x64
		{2B818228-528E-434C-9D62-B12C89602EC6}.Release|x64.Build.0 = Release|x64
		{2B818228-528E-434C-9D62-B12C89602EC6}.Release|x86.ActiveCfg = Release|x86
		{2B818228-528E-434C-9D62-B12C89602EC6}.Release|x86.Build.0 = Release|x86
		{A61CD0C9-D236-43A5-8C88-6F216C442EDA}.Debug|Any CPU.ActiveCfg = Debug|Any CPU
		{A61CD0C9-D236-43A5-8C88-6F216C442EDA}.Debug|Any CPU.Build.0 = Debug|Any CPU
		{A61CD0C9-D236-43A5-8C88-6F216C442EDA}.Debug|x64.ActiveCfg = Debug|x64
		{A61CD0C9-D236-43A5-8C88-6F216C442EDA}.Debug|x64.Build.0 = Debug|x64
		{A61CD0C9-D236-43A5-8C88-6F216C442EDA}.Debug|x86.ActiveCfg = Debug|x86
		{A61CD0C9-D236-43A5-8C88-6F216C442EDA}.Debug|x86.Build.0 = Debug|x86
		{A61CD0C9-D236-43A5-8C88-6F216C442EDA}.Release|Any CPU.ActiveCfg = Release|Any CPU
		{A61CD0C9-D236-43A5-8C88-6F216C442EDA}.Release|Any CPU.Build.0 = Release|Any CPU
		{A61CD0C9-D236-43A5-8C88-6F216C442EDA}.Release|x64.ActiveCfg = Release|x64
		{A61CD0C9-D236-43A5-8C88-6F216C442EDA}.Release|x64.Build.0 = Release|x64
		{A61CD0C9-D236-43A5-8C88-6F216C442EDA}.Release|x86.ActiveCfg = Release|x86
		{A61CD0C9-D236-43A5-8C88-6F216C442EDA}.Release|x86.Build.0 = Release|x86
		{BBEB6526-E0B6-4EDE-877E-961E3ED90107}.Debug|Any CPU.ActiveCfg = Debug|Any CPU
		{BBEB6526-E0B6-4EDE-877E-961E3ED90107}.Debug|Any CPU.Build.0 = Debug|Any CPU
		{BBEB6526-E0B6-4EDE-877E-961E3ED90107}.Debug|x64.ActiveCfg = Debug|x64
		{BBEB6526-E0B6-4EDE-877E-961E3ED90107}.Debug|x64.Build.0 = Debug|x64
		{BBEB6526-E0B6-4EDE-877E-961E3ED90107}.Debug|x86.ActiveCfg = Debug|x86
		{BBEB6526-E0B6-4EDE-877E-961E3ED90107}.Debug|x86.Build.0 = Debug|x86
		{BBEB6526-E0B6-4EDE-877E-961E3ED90107}.Release|Any CPU.ActiveCfg = Release|Any CPU
		{BBEB6526-E0B6-4EDE-877E-961E3ED90107}.Release|Any CPU.Build.0 = Release|Any CPU
		{BBEB6526-E0B6-4EDE-877E-961E3ED90107}.Release|x64.ActiveCfg = Release|x64
		{BBEB6526-E0B6-4EDE-877E-961E3ED90107}.Release|x64.Build.0 = Release|x64
		{BBEB6526-E0B6-4EDE-877E-961E3ED90107}.Release|x86.ActiveCfg = Release|x86
		{BBEB6526-E0B6-4EDE-877E-961E3ED90107}.Release|x86.Build.0 = Release|x86
		{F20B02B9-E8CE-4DF2-99E8-D02D15B8D931}.Debug|Any CPU.ActiveCfg = Debug|Any CPU
		{F20B02B9-E8CE-4DF2-99E8-D02D15B8D931}.Debug|Any CPU.Build.0 = Debug|Any CPU
		{F20B02B9-E8CE-4DF2-99E8-D02D15B8D931}.Debug|x64.ActiveCfg = Debug|x64
		{F20B02B9-E8CE-4DF2-99E8-D02D15B8D931}.Debug|x64.Build.0 = Debug|x64
		{F20B02B9-E8CE-4DF2-99E8-D02D15B8D931}.Debug|x86.ActiveCfg = Debug|x86
		{F20B02B9-E8CE-4DF2-99E8-D02D15B8D931}.Debug|x86.Build.0 = Debug|x86
		{F20B02B9-E8CE-4DF2-99E8-D02D15B8D931}.Release|Any CPU.ActiveCfg = Release|Any CPU
		{F20B02B9-E8CE-4DF2-99E8-D02D15B8D931}.Release|Any CPU.Build.0 = Release|Any CPU
		{F20B02B9-E8CE-4DF2-99E8-D02D15B8D931}.Release|x64.ActiveCfg = Release|x64
		{F20B02B9-E8CE-4DF2-99E8-D02D15B8D931}.Release|x64.Build.0 = Release|x64
		{F20B02B9-E8CE-4DF2-99E8-D02D15B8D931}.Release|x86.ActiveCfg = Release|x86
		{F20B02B9-E8CE-4DF2-99E8-D02D15B8D931}.Release|x86.Build.0 = Release|x86
	EndGlobalSection
EndGlobal
